// !$*UTF8*$!
{
	archiveVersion = 1;
	classes = {
	};
	objectVersion = 46;
	objects = {

/* Begin PBXBuildFile section */
		F929DFA81DAD211E00B265C3 /* AppDelegate.swift in Sources */ = {isa = PBXBuildFile; fileRef = F929DFA71DAD211E00B265C3 /* AppDelegate.swift */; };
		F929DFAA1DAD211E00B265C3 /* ViewController.swift in Sources */ = {isa = PBXBuildFile; fileRef = F929DFA91DAD211E00B265C3 /* ViewController.swift */; };
		F929DFAD1DAD211E00B265C3 /* Main.storyboard in Resources */ = {isa = PBXBuildFile; fileRef = F929DFAB1DAD211E00B265C3 /* Main.storyboard */; };
		F929DFAF1DAD211E00B265C3 /* Assets.xcassets in Resources */ = {isa = PBXBuildFile; fileRef = F929DFAE1DAD211E00B265C3 /* Assets.xcassets */; };
		F929DFB21DAD211E00B265C3 /* LaunchScreen.storyboard in Resources */ = {isa = PBXBuildFile; fileRef = F929DFB01DAD211E00B265C3 /* LaunchScreen.storyboard */; };
/* End PBXBuildFile section */

/* Begin PBXFileReference section */
		F929DFA41DAD211E00B265C3 /* instafilter.app */ = {isa = PBXFileReference; explicitFileType = wrapper.application; includeInIndex = 0; path = instafilter.app; sourceTree = BUILT_PRODUCTS_DIR; };
		F929DFA71DAD211E00B265C3 /* AppDelegate.swift */ = {isa = PBXFileReference; lastKnownFileType = sourcecode.swift; path = AppDelegate.swift; sourceTree = "<group>"; };
		F929DFA91DAD211E00B265C3 /* ViewController.swift */ = {isa = PBXFileReference; lastKnownFileType = sourcecode.swift; path = ViewController.swift; sourceTree = "<group>"; };
		F929DFAC1DAD211E00B265C3 /* Base */ = {isa = PBXFileReference; lastKnownFileType = file.storyboard; name = Base; path = Base.lproj/Main.storyboard; sourceTree = "<group>"; };
		F929DFAE1DAD211E00B265C3 /* Assets.xcassets */ = {isa = PBXFileReference; lastKnownFileType = folder.assetcatalog; path = Assets.xcassets; sourceTree = "<group>"; };
		F929DFB11DAD211E00B265C3 /* Base */ = {isa = PBXFileReference; lastKnownFileType = file.storyboard; name = Base; path = Base.lproj/LaunchScreen.storyboard; sourceTree = "<group>"; };
		F929DFB31DAD211E00B265C3 /* Info.plist */ = {isa = PBXFileReference; lastKnownFileType = text.plist.xml; path = Info.plist; sourceTree = "<group>"; };
/* End PBXFileReference section */

/* Begin PBXFrameworksBuildPhase section */
		F929DFA11DAD211E00B265C3 /* Frameworks */ = {
			isa = PBXFrameworksBuildPhase;
			buildActionMask = 2147483647;
			files = (
			);
			runOnlyForDeploymentPostprocessing = 0;
		};
/* End PBXFrameworksBuildPhase section */

/* Begin PBXGroup section */
		F929DF9B1DAD211E00B265C3 = {
			isa = PBXGroup;
			children = (
				F929DFA61DAD211E00B265C3 /* instafilter */,
				F929DFA51DAD211E00B265C3 /* Products */,
			);
			sourceTree = "<group>";
		};
		F929DFA51DAD211E00B265C3 /* Products */ = {
			isa = PBXGroup;
			children = (
				F929DFA41DAD211E00B265C3 /* instafilter.app */,
			);
			name = Products;
			sourceTree = "<group>";
		};
		F929DFA61DAD211E00B265C3 /* instafilter */ = {
			isa = PBXGroup;
			children = (
				F929DFA71DAD211E00B265C3 /* AppDelegate.swift */,
				F929DFA91DAD211E00B265C3 /* ViewController.swift */,
				F929DFAB1DAD211E00B265C3 /* Main.storyboard */,
				F929DFAE1DAD211E00B265C3 /* Assets.xcassets */,
				F929DFB01DAD211E00B265C3 /* LaunchScreen.storyboard */,
				F929DFB31DAD211E00B265C3 /* Info.plist */,
			);
			path = instafilter;
			sourceTree = "<group>";
		};
/* End PBXGroup section */

/* Begin PBXNativeTarget section */
		F929DFA31DAD211E00B265C3 /* instafilter */ = {
			isa = PBXNativeTarget;
			buildConfigurationList = F929DFB61DAD211E00B265C3 /* Build configuration list for PBXNativeTarget "instafilter" */;
			buildPhases = (
				F929DFA01DAD211E00B265C3 /* Sources */,
				F929DFA11DAD211E00B265C3 /* Frameworks */,
				F929DFA21DAD211E00B265C3 /* Resources */,
			);
			buildRules = (
			);
			dependencies = (
			);
			name = instafilter;
			productName = instafilter;
			productReference = F929DFA41DAD211E00B265C3 /* instafilter.app */;
			productType = "com.apple.product-type.application";
		};
/* End PBXNativeTarget section */

/* Begin PBXProject section */
		F929DF9C1DAD211E00B265C3 /* Project object */ = {
			isa = PBXProject;
			attributes = {
				LastSwiftUpdateCheck = 0810;
				LastUpgradeCheck = 0810;
				ORGANIZATIONNAME = "Adam Goth";
				TargetAttributes = {
					F929DFA31DAD211E00B265C3 = {
						CreatedOnToolsVersion = 8.1;
						ProvisioningStyle = Automatic;
					};
				};
			};
			buildConfigurationList = F929DF9F1DAD211E00B265C3 /* Build configuration list for PBXProject "instafilter" */;
			compatibilityVersion = "Xcode 3.2";
			developmentRegion = English;
			hasScannedForEncodings = 0;
			knownRegions = (
				en,
				Base,
			);
			mainGroup = F929DF9B1DAD211E00B265C3;
			productRefGroup = F929DFA51DAD211E00B265C3 /* Products */;
			projectDirPath = "";
			projectRoot = "";
			targets = (
				F929DFA31DAD211E00B265C3 /* instafilter */,
			);
		};
/* End PBXProject section */

/* Begin PBXResourcesBuildPhase section */
		F929DFA21DAD211E00B265C3 /* Resources */ = {
			isa = PBXResourcesBuildPhase;
			buildActionMask = 2147483647;
			files = (
				F929DFB21DAD211E00B265C3 /* LaunchScreen.storyboard in Resources */,
				F929DFAF1DAD211E00B265C3 /* Assets.xcassets in Resources */,
				F929DFAD1DAD211E00B265C3 /* Main.storyboard in Resources */,
			);
			runOnlyForDeploymentPostprocessing = 0;
		};
/* End PBXResourcesBuildPhase section */

/* Begin PBXSourcesBuildPhase section */
		F929DFA01DAD211E00B265C3 /* Sources */ = {
			isa = PBXSourcesBuildPhase;
			buildActionMask = 2147483647;
			files = (
				F929DFAA1DAD211E00B265C3 /* ViewController.swift in Sources */,
				F929DFA81DAD211E00B265C3 /* AppDelegate.swift in Sources */,
			);
			runOnlyForDeploymentPostprocessing = 0;
		};
/* End PBXSourcesBuildPhase section */

/* Begin PBXVariantGroup section */
		F929DFAB1DAD211E00B265C3 /* Main.storyboard */ = {
			isa = PBXVariantGroup;
			children = (
				F929DFAC1DAD211E00B265C3 /* Base */,
			);
			name = Main.storyboard;
			sourceTree = "<group>";
		};
		F929DFB01DAD211E00B265C3 /* LaunchScreen.storyboard */ = {
			isa = PBXVariantGroup;
			children = (
				F929DFB11DAD211E00B265C3 /* Base */,
			);
			name = LaunchScreen.storyboard;
			sourceTree = "<group>";
		};
/* End PBXVariantGroup section */

/* Begin XCBuildConfiguration section */
		F929DFB41DAD211E00B265C3 /* Debug */ = {
			isa = XCBuildConfiguration;
			buildSettings = {
				ALWAYS_SEARCH_USER_PATHS = NO;
				CLANG_ANALYZER_NONNULL = YES;
				CLANG_CXX_LANGUAGE_STANDARD = "gnu++0x";
				CLANG_CXX_LIBRARY = "libc++";
				CLANG_ENABLE_MODULES = YES;
				CLANG_ENABLE_OBJC_ARC = YES;
				CLANG_WARN_BOOL_CONVERSION = YES;
				CLANG_WARN_CONSTANT_CONVERSION = YES;
				CLANG_WARN_DIRECT_OBJC_ISA_USAGE = YES_ERROR;
				CLANG_WARN_DOCUMENTATION_COMMENTS = YES;
				CLANG_WARN_EMPTY_BODY = YES;
				CLANG_WARN_ENUM_CONVERSION = YES;
				CLANG_WARN_INFINITE_RECURSION = YES;
				CLANG_WARN_INT_CONVERSION = YES;
				CLANG_WARN_OBJC_ROOT_CLASS = YES_ERROR;
				CLANG_WARN_SUSPICIOUS_MOVES = YES;
				CLANG_WARN_UNREACHABLE_CODE = YES;
				CLANG_WARN__DUPLICATE_METHOD_MATCH = YES;
				"CODE_SIGN_IDENTITY[sdk=iphoneos*]" = "iPhone Developer";
				COPY_PHASE_STRIP = NO;
				DEBUG_INFORMATION_FORMAT = dwarf;
				ENABLE_STRICT_OBJC_MSGSEND = YES;
				ENABLE_TESTABILITY = YES;
				GCC_C_LANGUAGE_STANDARD = gnu99;
				GCC_DYNAMIC_NO_PIC = NO;
				GCC_NO_COMMON_BLOCKS = YES;
				GCC_OPTIMIZATION_LEVEL = 0;
				GCC_PREPROCESSOR_DEFINITIONS = (
					"DEBUG=1",
					"$(inherited)",
				);
				GCC_WARN_64_TO_32_BIT_CONVERSION = YES;
				GCC_WARN_ABOUT_RETURN_TYPE = YES_ERROR;
				GCC_WARN_UNDECLARED_SELECTOR = YES;
				GCC_WARN_UNINITIALIZED_AUTOS = YES_AGGRESSIVE;
				GCC_WARN_UNUSED_FUNCTION = YES;
				GCC_WARN_UNUSED_VARIABLE = YES;
				IPHONEOS_DEPLOYMENT_TARGET = 10.1;
				MTL_ENABLE_DEBUG_INFO = YES;
				ONLY_ACTIVE_ARCH = YES;
				SDKROOT = iphoneos;
				SWIFT_ACTIVE_COMPILATION_CONDITIONS = DEBUG;
				SWIFT_OPTIMIZATION_LEVEL = "-Onone";
				TARGETED_DEVICE_FAMILY = "1,2";
			};
			name = Debug;
		};
		F929DFB51DAD211E00B265C3 /* Release */ = {
			isa = XCBuildConfiguration;
			buildSettings = {
				ALWAYS_SEARCH_USER_PATHS = NO;
				CLANG_ANALYZER_NONNULL = YES;
				CLANG_CXX_LANGUAGE_STANDARD = "gnu++0x";
				CLANG_CXX_LIBRARY = "libc++";
				CLANG_ENABLE_MODULES = YES;
				CLANG_ENABLE_OBJC_ARC = YES;
				CLANG_WARN_BOOL_CONVERSION = YES;
				CLANG_WARN_CONSTANT_CONVERSION = YES;
				CLANG_WARN_DIRECT_OBJC_ISA_USAGE = YES_ERROR;
				CLANG_WARN_DOCUMENTATION_COMMENTS = YES;
				CLANG_WARN_EMPTY_BODY = YES;
				CLANG_WARN_ENUM_CONVERSION = YES;
				CLANG_WARN_INFINITE_RECURSION = YES;
				CLANG_WARN_INT_CONVERSION = YES;
				CLANG_WARN_OBJC_ROOT_CLASS = YES_ERROR;
				CLANG_WARN_SUSPICIOUS_MOVES = YES;
				CLANG_WARN_UNREACHABLE_CODE = YES;
				CLANG_WARN__DUPLICATE_METHOD_MATCH = YES;
				"CODE_SIGN_IDENTITY[sdk=iphoneos*]" = "iPhone Developer";
				COPY_PHASE_STRIP = NO;
				DEBUG_INFORMATION_FORMAT = "dwarf-with-dsym";
				ENABLE_NS_ASSERTIONS = NO;
				ENABLE_STRICT_OBJC_MSGSEND = YES;
				GCC_C_LANGUAGE_STANDARD = gnu99;
				GCC_NO_COMMON_BLOCKS = YES;
				GCC_WARN_64_TO_32_BIT_CONVERSION = YES;
				GCC_WARN_ABOUT_RETURN_TYPE = YES_ERROR;
				GCC_WARN_UNDECLARED_SELECTOR = YES;
				GCC_WARN_UNINITIALIZED_AUTOS = YES_AGGRESSIVE;
				GCC_WARN_UNUSED_FUNCTION = YES;
				GCC_WARN_UNUSED_VARIABLE = YES;
				IPHONEOS_DEPLOYMENT_TARGET = 10.1;
				MTL_ENABLE_DEBUG_INFO = NO;
				SDKROOT = iphoneos;
				SWIFT_OPTIMIZATION_LEVEL = "-Owholemodule";
				TARGETED_DEVICE_FAMILY = "1,2";
				VALIDATE_PRODUCT = YES;
			};
			name = Release;
		};
		F929DFB71DAD211E00B265C3 /* Debug */ = {
			isa = XCBuildConfiguration;
			buildSettings = {
				ASSETCATALOG_COMPILER_APPICON_NAME = AppIcon;
				INFOPLIST_FILE = instafilter/Info.plist;
				LD_RUNPATH_SEARCH_PATHS = "$(inherited) @executable_path/Frameworks";
				PRODUCT_BUNDLE_IDENTIFIER = com.adamgoth.instafilter;
				PRODUCT_NAME = "$(TARGET_NAME)";
				SWIFT_VERSION = 3.0;
			};
			name = Debug;
		};
		F929DFB81DAD211E00B265C3 /* Release */ = {
			isa = XCBuildConfiguration;
			buildSettings = {
				ASSETCATALOG_COMPILER_APPICON_NAME = AppIcon;
				INFOPLIST_FILE = instafilter/Info.plist;
				LD_RUNPATH_SEARCH_PATHS = "$(inherited) @executable_path/Frameworks";
				PRODUCT_BUNDLE_IDENTIFIER = com.adamgoth.instafilter;
				PRODUCT_NAME = "$(TARGET_NAME)";
				SWIFT_VERSION = 3.0;
			};
			name = Release;
		};
/* End XCBuildConfiguration section */

/* Begin XCConfigurationList section */
		F929DF9F1DAD211E00B265C3 /* Build configuration list for PBXProject "instafilter" */ = {
			isa = XCConfigurationList;
			buildConfigurations = (
				F929DFB41DAD211E00B265C3 /* Debug */,
				F929DFB51DAD211E00B265C3 /* Release */,
			);
			defaultConfigurationIsVisible = 0;
			defaultConfigurationName = Release;
		};
		F929DFB61DAD211E00B265C3 /* Build configuration list for PBXNativeTarget "instafilter" */ = {
			isa = XCConfigurationList;
			buildConfigurations = (
				F929DFB71DAD211E00B265C3 /* Debug */,
				F929DFB81DAD211E00B265C3 /* Release */,
			);
			defaultConfigurationIsVisible = 0;
		};
/* End XCConfigurationList section */
	};
	rootObject = F929DF9C1DAD211E00B265C3 /* Project object */;
}
